# This file is automatically @generated by Cargo.
# It is not intended for manual editing.
version = 4

[[package]]
name = "flowjoish-backend"
version = "0.1.0"
dependencies = [
 "flowjoish-core",
]

[[package]]
name = "flowjoish-cli"
version = "0.1.0"
dependencies = [
 "flowjoish-core",
 "flowjoish-fcs",
]

[[package]]
name = "flowjoish-core"
version = "0.1.0"

[[package]]
name = "flowjoish-desktop-bridge"
version = "0.1.0"
dependencies = [
 "flowjoish-core",
 "flowjoish-fcs",
]

[[package]]
name = "flowjoish-fcs"
version = "0.1.0"
dependencies = [
 "flowjoish-core",
]
